
Microsoft Visual Studio Solution File, Format Version 12.00
# Visual Studio 15
Project("{FAE04EC0-301F-11D3-BF4B-00C04F79EFBC}") = "HoloModelShowcase", "HoloModelShowcase.csproj", "{94C729C3-E34D-1E09-37E1-73B3C45E5D30}"
EndProject
Project("{FAE04EC0-301F-11D3-BF4B-00C04F79EFBC}") = "HoloModelShowcase.Player", "HoloModelShowcase.Player.csproj", "{777000E1-5D37-B21E-7524-9888CF37BF69}"
EndProject
Project("{FAE04EC0-301F-11D3-BF4B-00C04F79EFBC}") = "HoloModelShowcase.Editor", "HoloModelShowcase.Editor.csproj", "{3BD94A2C-6304-0DB6-FAFA-D119D8A86EB4}"
EndProject
Global
	GlobalSection(SolutionConfigurationPlatforms) = preSolution
		Debug|Any CPU = Debug|Any CPU
		Release|Any CPU = Release|Any CPU
	EndGlobalSection
	GlobalSection(ProjectConfigurationPlatforms) = postSolution
		{94C729C3-E34D-1E09-37E1-73B3C45E5D30}.Debug|Any CPU.ActiveCfg = Debug|Any CPU
		{94C729C3-E34D-1E09-37E1-73B3C45E5D30}.Debug|Any CPU.Build.0 = Debug|Any CPU
		{94C729C3-E34D-1E09-37E1-73B3C45E5D30}.Release|Any CPU.ActiveCfg = Release|Any CPU
		{94C729C3-E34D-1E09-37E1-73B3C45E5D30}.Release|Any CPU.Build.0 = Release|Any CPU
		{777000E1-5D37-B21E-7524-9888CF37BF69}.Debug|Any CPU.ActiveCfg = Debug|Any CPU
		{777000E1-5D37-B21E-7524-9888CF37BF69}.Debug|Any CPU.Build.0 = Debug|Any CPU
		{777000E1-5D37-B21E-7524-9888CF37BF69}.Release|Any CPU.ActiveCfg = Release|Any CPU
		{777000E1-5D37-B21E-7524-9888CF37BF69}.Release|Any CPU.Build.0 = Release|Any CPU
		{3BD94A2C-6304-0DB6-FAFA-D119D8A86EB4}.Debug|Any CPU.ActiveCfg = Debug|Any CPU
		{3BD94A2C-6304-0DB6-FAFA-D119D8A86EB4}.Debug|Any CPU.Build.0 = Debug|Any CPU
		{3BD94A2C-6304-0DB6-FAFA-D119D8A86EB4}.Release|Any CPU.ActiveCfg = Release|Any CPU
		{3BD94A2C-6304-0DB6-FAFA-D119D8A86EB4}.Release|Any CPU.Build.0 = Release|Any CPU
	EndGlobalSection
	GlobalSection(SolutionProperties) = preSolution
		HideSolutionNode = FALSE
	EndGlobalSection
EndGlobal
